
Microsoft Visual Studio Solution File, Format Version 12.00
# Visual Studio Version 17
VisualStudioVersion = 17.8.34330.188
MinimumVisualStudioVersion = 10.0.40219.1
Project("{FAE04EC0-301F-11D3-BF4B-00C04F79EFBC}") = "BankApp", "BankApp\BankApp.csproj", "{C5D03F94-7CB9-4A44-BCFE-B8AD56837888}"
EndProject
Global
	GlobalSection(SolutionConfigurationPlatforms) = preSolution
		Debug|Any CPU = Debug|Any CPU
		Release|Any CPU = Release|Any CPU
	EndGlobalSection
	GlobalSection(ProjectConfigurationPlatforms) = postSolution
		{C5D03F94-7CB9-4A44-BCFE-B8AD56837888}.Debug|Any CPU.ActiveCfg = Debug|Any CPU
		{C5D03F94-7CB9-4A44-BCFE-B8AD56837888}.Debug|Any CPU.Build.0 = Debug|Any CPU
		{C5D03F94-7CB9-4A44-BCFE-B8AD56837888}.Release|Any CPU.ActiveCfg = Release|Any CPU
		{C5D03F94-7CB9-4A44-BCFE-B8AD56837888}.Release|Any CPU.Build.0 = Release|Any CPU
	EndGlobalSection
	GlobalSection(SolutionProperties) = preSolution
		HideSolutionNode = FALSE
	EndGlobalSection
	GlobalSection(ExtensibilityGlobals) = postSolution
		SolutionGuid = {9564C0C4-42DC-491B-820F-2BBD04CB7954}
	EndGlobalSection
EndGlobal
